
Microsoft Visual Studio Solution File, Format Version 12.00
# Visual Studio Version 17
VisualStudioVersion = 17.0.32014.148
MinimumVisualStudioVersion = 10.0.40219.1
Project("{2150E333-8FDC-42A3-9474-1A3956D46DE8}") = "src", "src", "{7BAE46EA-1228-4374-A04D-8A12B7623622}"
EndProject
Project("{FAE04EC0-301F-11D3-BF4B-00C04F79EFBC}") = "IdentityServer.STS.Admin", "src\identityserver\IdentityServer.STS.Admin.csproj", "{40C2E915-121E-4C21-9DF5-CAAA7E355849}"
EndProject
Project("{FAE04EC0-301F-11D3-BF4B-00C04F79EFBC}") = "QrCodeServer", "src\QrCodeServer\QrCodeServer.csproj", "{D4E44B50-61DE-4123-950C-F29B25E3B6E5}"
EndProject
Global
	GlobalSection(SolutionConfigurationPlatforms) = preSolution
		Debug|Any CPU = Debug|Any CPU
		Release|Any CPU = Release|Any CPU
	EndGlobalSection
	GlobalSection(ProjectConfigurationPlatforms) = postSolution
		{40C2E915-121E-4C21-9DF5-CAAA7E355849}.Debug|Any CPU.ActiveCfg = Debug|Any CPU
		{40C2E915-121E-4C21-9DF5-CAAA7E355849}.Debug|Any CPU.Build.0 = Debug|Any CPU
		{40C2E915-121E-4C21-9DF5-CAAA7E355849}.Release|Any CPU.ActiveCfg = Release|Any CPU
		{40C2E915-121E-4C21-9DF5-CAAA7E355849}.Release|Any CPU.Build.0 = Release|Any CPU
		{D4E44B50-61DE-4123-950C-F29B25E3B6E5}.Debug|Any CPU.ActiveCfg = Debug|Any CPU
		{D4E44B50-61DE-4123-950C-F29B25E3B6E5}.Debug|Any CPU.Build.0 = Debug|Any CPU
		{D4E44B50-61DE-4123-950C-F29B25E3B6E5}.Release|Any CPU.ActiveCfg = Release|Any CPU
		{D4E44B50-61DE-4123-950C-F29B25E3B6E5}.Release|Any CPU.Build.0 = Release|Any CPU
	EndGlobalSection
	GlobalSection(SolutionProperties) = preSolution
		HideSolutionNode = FALSE
	EndGlobalSection
	GlobalSection(ExtensibilityGlobals) = postSolution
		SolutionGuid = {9DCC476E-F27E-440E-B171-BC3104B725FA}
	EndGlobalSection
	GlobalSection(NestedProjects) = preSolution
		{40C2E915-121E-4C21-9DF5-CAAA7E355849} = {7BAE46EA-1228-4374-A04D-8A12B7623622}
		{D4E44B50-61DE-4123-950C-F29B25E3B6E5} = {7BAE46EA-1228-4374-A04D-8A12B7623622}
	EndGlobalSection
EndGlobal
