
Microsoft Visual Studio Solution File, Format Version 12.00
# Visual Studio Version 17
VisualStudioVersion = 17.0.32014.148
MinimumVisualStudioVersion = 10.0.40219.1
Project("{9A19103F-16F7-4668-BE54-9A1E7A4F7556}") = "IdentityServer.STS.Admin", "IdentityServer.STS.Admin.csproj", "{17CFB022-3C96-426D-A93E-789BF78034FC}"
EndProject
Project("{2150E333-8FDC-42A3-9474-1A3956D46DE8}") = "Solution Items", "Solution Items", "{03F104CA-C583-43F9-8C76-396FC82DA105}"
	ProjectSection(SolutionItems) = preProject
		.editorconfig = .editorconfig
	EndProjectSection
EndProject
Global
	GlobalSection(SolutionConfigurationPlatforms) = preSolution
		Debug|Any CPU = Debug|Any CPU
		Release|Any CPU = Release|Any CPU
	EndGlobalSection
	GlobalSection(ProjectConfigurationPlatforms) = postSolution
		{17CFB022-3C96-426D-A93E-789BF78034FC}.Debug|Any CPU.ActiveCfg = Debug|Any CPU
		{17CFB022-3C96-426D-A93E-789BF78034FC}.Debug|Any CPU.Build.0 = Debug|Any CPU
		{17CFB022-3C96-426D-A93E-789BF78034FC}.Release|Any CPU.ActiveCfg = Release|Any CPU
		{17CFB022-3C96-426D-A93E-789BF78034FC}.Release|Any CPU.Build.0 = Release|Any CPU
	EndGlobalSection
	GlobalSection(SolutionProperties) = preSolution
		HideSolutionNode = FALSE
	EndGlobalSection
	GlobalSection(ExtensibilityGlobals) = postSolution
		SolutionGuid = {9DCC476E-F27E-440E-B171-BC3104B725FA}
	EndGlobalSection
EndGlobal
